PODS:
  - Bolts (1.8.4):
    - Bolts/AppLinks (= 1.8.4)
    - Bolts/Tasks (= 1.8.4)
  - Bolts/AppLinks (1.8.4):
    - Bolts/Tasks
  - Bolts/Tasks (1.8.4)
  - Expecta (1.0.5)
  - Expecta+Snapshots (3.0.1):
    - Expecta (~> 1.0)
    - FBSnapshotTestCase/Core (~> 2.0)
    - Specta (~> 1.0)
  - FBSnapshotTestCase (2.1.4):
    - FBSnapshotTestCase/SwiftSupport (= 2.1.4)
  - FBSnapshotTestCase/Core (2.1.4)
  - FBSnapshotTestCase/SwiftSupport (2.1.4):
    - FBSnapshotTestCase/Core
  - NSMPlayer (0.1.0):
    - Bolts
    - TBStateMachine
  - Specta (1.0.5)
  - TBStateMachine (6.1.0):
    - TBStateMachine/Core (= 6.1.0)
  - TBStateMachine/Core (6.1.0)

DEPENDENCIES:
  - Expecta
  - Expecta+Snapshots
  - FBSnapshotTestCase
  - NSMPlayer (from `../`)
  - Specta

EXTERNAL SOURCES:
  NSMPlayer:
    :path: ../

SPEC CHECKSUMS:
  Bolts: 8a7995239dbe724f9cba2248b766d48b7ebdd322
  Expecta: e1c022fcd33910b6be89c291d2775b3fe27a89fe
  Expecta+Snapshots: aee0487f8bbb9df7e0b7735380565ac06207e959
  FBSnapshotTestCase: 094f9f314decbabe373b87cc339bea235a63e07a
  NSMPlayer: e71003d5c71ceaed83d63c6ee067db0f2194e5b0
  Specta: ac94d110b865115fe60ff2c6d7281053c6f8e8a2
  TBStateMachine: e16500b53825a7c4673782c5988fabe30f21e6f1

PODFILE CHECKSUM: 33e163be36171cbac199fff3b0f85e6fe27e5a90

COCOAPODS: 1.2.0
