PODS:
  - Bolts/Tasks (1.8.4)
  - CocoaLumberjack (3.2.0):
    - CocoaLumberjack/Default (= 3.2.0)
    - CocoaLumberjack/Extensions (= 3.2.0)
  - CocoaLumberjack/Default (3.2.0)
  - CocoaLumberjack/Extensions (3.2.0):
    - CocoaLumberjack/Default
  - Expecta (1.0.6)
  - Expecta+Snapshots (3.1.1):
    - Expecta (~> 1.0)
    - FBSnapshotTestCase/Core (~> 2.0)
    - Specta (~> 1.0)
  - FBSnapshotTestCase (2.1.4):
    - FBSnapshotTestCase/SwiftSupport (= 2.1.4)
  - FBSnapshotTestCase/Core (2.1.4)
  - FBSnapshotTestCase/SwiftSupport (2.1.4):
    - FBSnapshotTestCase/Core
  - NSMPlayer (0.2.3):
    - Bolts/Tasks
    - NSMStateMachine
    - Reachability
  - NSMStateMachine (0.2.2):
    - CocoaLumberjack
  - Reachability (3.2)
  - Specta (1.0.6)

DEPENDENCIES:
  - Expecta
  - Expecta+Snapshots
  - FBSnapshotTestCase
  - NSMPlayer (from `../`)
  - Specta

EXTERNAL SOURCES:
  NSMPlayer:
    :path: ../

SPEC CHECKSUMS:
  Bolts: 8a7995239dbe724f9cba2248b766d48b7ebdd322
  CocoaLumberjack: 9b4aed7073d242f29cc2f62068d995faf67f703a
  Expecta: 3b6bd90a64b9a1dcb0b70aa0e10a7f8f631667d5
  Expecta+Snapshots: dcff217eef506dabd6dfdc7864ea2da321fafbb8
  FBSnapshotTestCase: 094f9f314decbabe373b87cc339bea235a63e07a
  NSMPlayer: 63f04897a1c3c00ce4a88df514a85463a9581d83
  NSMStateMachine: 00dcf75f6eee50b4bc2a314da2b3dfbabb7a04f2
  Reachability: 33e18b67625424e47b6cde6d202dce689ad7af96
  Specta: f506f3a8361de16bc0dcf3b17b75e269072ba465

PODFILE CHECKSUM: bc35c0345cacded9a1c2b6fdf8d23c5736606a62

COCOAPODS: 1.2.1
